
Microsoft Visual Studio Solution File, Format Version 12.00
# Visual Studio 15
VisualStudioVersion = 15.0.28307.168
MinimumVisualStudioVersion = 10.0.40219.1
Project("{FAE04EC0-301F-11D3-BF4B-00C04F79EFBC}") = "DynamicServiceHost.Matcher.Tests", "DynamicServiceHost.Matcher.Tests\DynamicServiceHost.Matcher.Tests.csproj", "{7B8F5808-A3C6-45A9-A6BC-A366D63D902C}"
EndProject
Project("{FAE04EC0-301F-11D3-BF4B-00C04F79EFBC}") = "DynamicServiceHost.Matcher", "DynamicServiceHost.Matcher\DynamicServiceHost.Matcher.csproj", "{38D2FB16-9D44-4CC1-A26C-11FC1CE49356}"
EndProject
Global
	GlobalSection(SolutionConfigurationPlatforms) = preSolution
		Debug|Any CPU = Debug|Any CPU
		Release|Any CPU = Release|Any CPU
	EndGlobalSection
	GlobalSection(ProjectConfigurationPlatforms) = postSolution
		{7B8F5808-A3C6-45A9-A6BC-A366D63D902C}.Debug|Any CPU.ActiveCfg = Debug|Any CPU
		{7B8F5808-A3C6-45A9-A6BC-A366D63D902C}.Debug|Any CPU.Build.0 = Debug|Any CPU
		{7B8F5808-A3C6-45A9-A6BC-A366D63D902C}.Release|Any CPU.ActiveCfg = Release|Any CPU
		{7B8F5808-A3C6-45A9-A6BC-A366D63D902C}.Release|Any CPU.Build.0 = Release|Any CPU
		{38D2FB16-9D44-4CC1-A26C-11FC1CE49356}.Debug|Any CPU.ActiveCfg = Debug|Any CPU
		{38D2FB16-9D44-4CC1-A26C-11FC1CE49356}.Debug|Any CPU.Build.0 = Debug|Any CPU
		{38D2FB16-9D44-4CC1-A26C-11FC1CE49356}.Release|Any CPU.ActiveCfg = Release|Any CPU
		{38D2FB16-9D44-4CC1-A26C-11FC1CE49356}.Release|Any CPU.Build.0 = Release|Any CPU
	EndGlobalSection
	GlobalSection(SolutionProperties) = preSolution
		HideSolutionNode = FALSE
	EndGlobalSection
	GlobalSection(ExtensibilityGlobals) = postSolution
		SolutionGuid = {C1AD8443-4BBF-438B-9B5B-5DCEDB63F99D}
	EndGlobalSection
EndGlobal
